
Microsoft Visual Studio Solution File, Format Version 12.00
# Visual Studio Version 17
VisualStudioVersion = 17.4.32916.344
MinimumVisualStudioVersion = 10.0.40219.1
Project("{9A19103F-16F7-4668-BE54-9A1E7A4F7556}") = "ppedv.MegaShop5000.Model", "ppedv.MegaShop5000.Model\ppedv.MegaShop5000.Model.csproj", "{5FBBFC04-0B21-47AF-A0CF-1BB8E6E4D073}"
EndProject
Project("{FAE04EC0-301F-11D3-BF4B-00C04F79EFBC}") = "ppedv.MegaShop5000.Data.EfCore", "ppedv.MegaShop5000.Data.EfCore\ppedv.MegaShop5000.Data.EfCore.csproj", "{E468B78D-A2EA-4F6A-BA14-CD53B721E302}"
EndProject
Project("{FAE04EC0-301F-11D3-BF4B-00C04F79EFBC}") = "ppedv.MegaShop5000.Data.EfCore.Tests", "ppedv.MegaShop5000.Data.EfCore.Tests\ppedv.MegaShop5000.Data.EfCore.Tests.csproj", "{08CD8F13-C243-4E67-961B-54C77A00887A}"
EndProject
Project("{FAE04EC0-301F-11D3-BF4B-00C04F79EFBC}") = "ppedv.MegaShop5000.Logic.ProduktService", "ppedv.MegaShop5000.Logic.ProduktService\ppedv.MegaShop5000.Logic.ProduktService.csproj", "{F9BBFD6C-D15F-479A-9A64-F8E4194761EE}"
EndProject
Project("{FAE04EC0-301F-11D3-BF4B-00C04F79EFBC}") = "ppedv.MegaShop5000.Logic.ProduktService.Tests", "ppedv.MegaShop5000.Logic.ProduktService.Tests\ppedv.MegaShop5000.Logic.ProduktService.Tests.csproj", "{3183F4C3-3178-404B-A7DA-F43CB2DD0AC1}"
EndProject
Project("{FAE04EC0-301F-11D3-BF4B-00C04F79EFBC}") = "ppedv.MegaShop5000.UI.TestConsole", "ppedv.MegaShop5000.UI.TestConsole\ppedv.MegaShop5000.UI.TestConsole.csproj", "{4D4EFF95-2AED-460C-A338-C82D4DF67AED}"
EndProject
Global
	GlobalSection(SolutionConfigurationPlatforms) = preSolution
		Debug|Any CPU = Debug|Any CPU
		Release|Any CPU = Release|Any CPU
	EndGlobalSection
	GlobalSection(ProjectConfigurationPlatforms) = postSolution
		{5FBBFC04-0B21-47AF-A0CF-1BB8E6E4D073}.Debug|Any CPU.ActiveCfg = Debug|Any CPU
		{5FBBFC04-0B21-47AF-A0CF-1BB8E6E4D073}.Debug|Any CPU.Build.0 = Debug|Any CPU
		{5FBBFC04-0B21-47AF-A0CF-1BB8E6E4D073}.Release|Any CPU.ActiveCfg = Release|Any CPU
		{5FBBFC04-0B21-47AF-A0CF-1BB8E6E4D073}.Release|Any CPU.Build.0 = Release|Any CPU
		{E468B78D-A2EA-4F6A-BA14-CD53B721E302}.Debug|Any CPU.ActiveCfg = Debug|Any CPU
		{E468B78D-A2EA-4F6A-BA14-CD53B721E302}.Debug|Any CPU.Build.0 = Debug|Any CPU
		{E468B78D-A2EA-4F6A-BA14-CD53B721E302}.Release|Any CPU.ActiveCfg = Release|Any CPU
		{E468B78D-A2EA-4F6A-BA14-CD53B721E302}.Release|Any CPU.Build.0 = Release|Any CPU
		{08CD8F13-C243-4E67-961B-54C77A00887A}.Debug|Any CPU.ActiveCfg = Debug|Any CPU
		{08CD8F13-C243-4E67-961B-54C77A00887A}.Debug|Any CPU.Build.0 = Debug|Any CPU
		{08CD8F13-C243-4E67-961B-54C77A00887A}.Release|Any CPU.ActiveCfg = Release|Any CPU
		{08CD8F13-C243-4E67-961B-54C77A00887A}.Release|Any CPU.Build.0 = Release|Any CPU
		{F9BBFD6C-D15F-479A-9A64-F8E4194761EE}.Debug|Any CPU.ActiveCfg = Debug|Any CPU
		{F9BBFD6C-D15F-479A-9A64-F8E4194761EE}.Debug|Any CPU.Build.0 = Debug|Any CPU
		{F9BBFD6C-D15F-479A-9A64-F8E4194761EE}.Release|Any CPU.ActiveCfg = Release|Any CPU
		{F9BBFD6C-D15F-479A-9A64-F8E4194761EE}.Release|Any CPU.Build.0 = Release|Any CPU
		{3183F4C3-3178-404B-A7DA-F43CB2DD0AC1}.Debug|Any CPU.ActiveCfg = Debug|Any CPU
		{3183F4C3-3178-404B-A7DA-F43CB2DD0AC1}.Debug|Any CPU.Build.0 = Debug|Any CPU
		{3183F4C3-3178-404B-A7DA-F43CB2DD0AC1}.Release|Any CPU.ActiveCfg = Release|Any CPU
		{3183F4C3-3178-404B-A7DA-F43CB2DD0AC1}.Release|Any CPU.Build.0 = Release|Any CPU
		{4D4EFF95-2AED-460C-A338-C82D4DF67AED}.Debug|Any CPU.ActiveCfg = Debug|Any CPU
		{4D4EFF95-2AED-460C-A338-C82D4DF67AED}.Debug|Any CPU.Build.0 = Debug|Any CPU
		{4D4EFF95-2AED-460C-A338-C82D4DF67AED}.Release|Any CPU.ActiveCfg = Release|Any CPU
		{4D4EFF95-2AED-460C-A338-C82D4DF67AED}.Release|Any CPU.Build.0 = Release|Any CPU
	EndGlobalSection
	GlobalSection(SolutionProperties) = preSolution
		HideSolutionNode = FALSE
	EndGlobalSection
	GlobalSection(ExtensibilityGlobals) = postSolution
		SolutionGuid = {886F59F2-4680-4A6C-A2A3-8C791FC0B2E1}
	EndGlobalSection
EndGlobal
