
Microsoft Visual Studio Solution File, Format Version 12.00
# Visual Studio Version 17
VisualStudioVersion = 17.4.32916.344
MinimumVisualStudioVersion = 10.0.40219.1
Project("{FAE04EC0-301F-11D3-BF4B-00C04F79EFBC}") = "HalloDatenbank", "HalloDatenbank\HalloDatenbank.csproj", "{1EF018FE-1C09-4AE1-B21C-2F6CC350AF5E}"
EndProject
Global
	GlobalSection(SolutionConfigurationPlatforms) = preSolution
		Debug|Any CPU = Debug|Any CPU
		Release|Any CPU = Release|Any CPU
	EndGlobalSection
	GlobalSection(ProjectConfigurationPlatforms) = postSolution
		{1EF018FE-1C09-4AE1-B21C-2F6CC350AF5E}.Debug|Any CPU.ActiveCfg = Debug|Any CPU
		{1EF018FE-1C09-4AE1-B21C-2F6CC350AF5E}.Debug|Any CPU.Build.0 = Debug|Any CPU
		{1EF018FE-1C09-4AE1-B21C-2F6CC350AF5E}.Release|Any CPU.ActiveCfg = Release|Any CPU
		{1EF018FE-1C09-4AE1-B21C-2F6CC350AF5E}.Release|Any CPU.Build.0 = Release|Any CPU
	EndGlobalSection
	GlobalSection(SolutionProperties) = preSolution
		HideSolutionNode = FALSE
	EndGlobalSection
	GlobalSection(ExtensibilityGlobals) = postSolution
		SolutionGuid = {28FC8E90-4F5E-4615-9A75-E4FD56C5CCED}
	EndGlobalSection
EndGlobal
