
Microsoft Visual Studio Solution File, Format Version 12.00
# Visual Studio Version 17
VisualStudioVersion = 17.4.32916.344
MinimumVisualStudioVersion = 10.0.40219.1
Project("{FAE04EC0-301F-11D3-BF4B-00C04F79EFBC}") = "EfCoreMigration", "EfCoreMigration\EfCoreMigration.csproj", "{AFBE040A-8698-4E48-AB4E-B8E055BB2416}"
EndProject
Global
	GlobalSection(SolutionConfigurationPlatforms) = preSolution
		Debug|Any CPU = Debug|Any CPU
		Release|Any CPU = Release|Any CPU
	EndGlobalSection
	GlobalSection(ProjectConfigurationPlatforms) = postSolution
		{AFBE040A-8698-4E48-AB4E-B8E055BB2416}.Debug|Any CPU.ActiveCfg = Debug|Any CPU
		{AFBE040A-8698-4E48-AB4E-B8E055BB2416}.Debug|Any CPU.Build.0 = Debug|Any CPU
		{AFBE040A-8698-4E48-AB4E-B8E055BB2416}.Release|Any CPU.ActiveCfg = Release|Any CPU
		{AFBE040A-8698-4E48-AB4E-B8E055BB2416}.Release|Any CPU.Build.0 = Release|Any CPU
	EndGlobalSection
	GlobalSection(SolutionProperties) = preSolution
		HideSolutionNode = FALSE
	EndGlobalSection
	GlobalSection(ExtensibilityGlobals) = postSolution
		SolutionGuid = {E3EC3586-64EF-448A-856B-4938E01C23D8}
	EndGlobalSection
EndGlobal
